// !$*UTF8*$!
{
	archiveVersion = 1;
	classes = {
	};
	objectVersion = 50;
	objects = {

/* Begin PBXBuildFile section */
		B56F730A25C91E3B00116B84 /* AppDelegate.swift in Sources */ = {isa = PBXBuildFile; fileRef = B56F730925C91E3B00116B84 /* AppDelegate.swift */; };
		B56F730C25C91E3B00116B84 /* SceneDelegate.swift in Sources */ = {isa = PBXBuildFile; fileRef = B56F730B25C91E3B00116B84 /* SceneDelegate.swift */; };
		B56F730E25C91E3B00116B84 /* ViewController.swift in Sources */ = {isa = PBXBuildFile; fileRef = B56F730D25C91E3B00116B84 /* ViewController.swift */; };
		B56F731125C91E3B00116B84 /* Main.storyboard in Resources */ = {isa = PBXBuildFile; fileRef = B56F730F25C91E3B00116B84 /* Main.storyboard */; };
		B56F731325C91E3C00116B84 /* Assets.xcassets in Resources */ = {isa = PBXBuildFile; fileRef = B56F731225C91E3C00116B84 /* Assets.xcassets */; };
		B56F731625C91E3C00116B84 /* LaunchScreen.storyboard in Resources */ = {isa = PBXBuildFile; fileRef = B56F731425C91E3C00116B84 /* LaunchScreen.storyboard */; };
		B56F731F25C9271400116B84 /* DetailViewController.swift in Sources */ = {isa = PBXBuildFile; fileRef = B56F731E25C9271400116B84 /* DetailViewController.swift */; };
		B56F732225C92E4200116B84 /* HistoryViewController.swift in Sources */ = {isa = PBXBuildFile; fileRef = B56F732125C92E4200116B84 /* HistoryViewController.swift */; };
/* End PBXBuildFile section */

/* Begin PBXFileReference section */
		B56F730625C91E3B00116B84 /* QuizAppLast.app */ = {isa = PBXFileReference; explicitFileType = wrapper.application; includeInIndex = 0; path = QuizAppLast.app; sourceTree = BUILT_PRODUCTS_DIR; };
		B56F730925C91E3B00116B84 /* AppDelegate.swift */ = {isa = PBXFileReference; lastKnownFileType = sourcecode.swift; path = AppDelegate.swift; sourceTree = "<group>"; };
		B56F730B25C91E3B00116B84 /* SceneDelegate.swift */ = {isa = PBXFileReference; lastKnownFileType = sourcecode.swift; path = SceneDelegate.swift; sourceTree = "<group>"; };
		B56F730D25C91E3B00116B84 /* ViewController.swift */ = {isa = PBXFileReference; lastKnownFileType = sourcecode.swift; path = ViewController.swift; sourceTree = "<group>"; };
		B56F731025C91E3B00116B84 /* Base */ = {isa = PBXFileReference; lastKnownFileType = file.storyboard; name = Base; path = Base.lproj/Main.storyboard; sourceTree = "<group>"; };
		B56F731225C91E3C00116B84 /* Assets.xcassets */ = {isa = PBXFileReference; lastKnownFileType = folder.assetcatalog; path = Assets.xcassets; sourceTree = "<group>"; };
		B56F731525C91E3C00116B84 /* Base */ = {isa = PBXFileReference; lastKnownFileType = file.storyboard; name = Base; path = Base.lproj/LaunchScreen.storyboard; sourceTree = "<group>"; };
		B56F731725C91E3C00116B84 /* Info.plist */ = {isa = PBXFileReference; lastKnownFileType = text.plist.xml; path = Info.plist; sourceTree = "<group>"; };
		B56F731E25C9271400116B84 /* DetailViewController.swift */ = {isa = PBXFileReference; lastKnownFileType = sourcecode.swift; path = DetailViewController.swift; sourceTree = "<group>"; };
		B56F732125C92E4200116B84 /* HistoryViewController.swift */ = {isa = PBXFileReference; lastKnownFileType = sourcecode.swift; path = HistoryViewController.swift; sourceTree = "<group>"; };
/* End PBXFileReference section */

/* Begin PBXFrameworksBuildPhase section */
		B56F730325C91E3B00116B84 /* Frameworks */ = {
			isa = PBXFrameworksBuildPhase;
			buildActionMask = 2147483647;
			files = (
			);
			runOnlyForDeploymentPostprocessing = 0;
		};
/* End PBXFrameworksBuildPhase section */

/* Begin PBXGroup section */
		B56F72FD25C91E3B00116B84 = {
			isa = PBXGroup;
			children = (
				B56F730825C91E3B00116B84 /* QuizAppLast */,
				B56F730725C91E3B00116B84 /* Products */,
			);
			sourceTree = "<group>";
		};
		B56F730725C91E3B00116B84 /* Products */ = {
			isa = PBXGroup;
			children = (
				B56F730625C91E3B00116B84 /* QuizAppLast.app */,
			);
			name = Products;
			sourceTree = "<group>";
		};
		B56F730825C91E3B00116B84 /* QuizAppLast */ = {
			isa = PBXGroup;
			children = (
				B56F730925C91E3B00116B84 /* AppDelegate.swift */,
				B56F730B25C91E3B00116B84 /* SceneDelegate.swift */,
				B56F730D25C91E3B00116B84 /* ViewController.swift */,
				B56F730F25C91E3B00116B84 /* Main.storyboard */,
				B56F731225C91E3C00116B84 /* Assets.xcassets */,
				B56F731425C91E3C00116B84 /* LaunchScreen.storyboard */,
				B56F731725C91E3C00116B84 /* Info.plist */,
				B56F731E25C9271400116B84 /* DetailViewController.swift */,
				B56F732125C92E4200116B84 /* HistoryViewController.swift */,
			);
			path = QuizAppLast;
			sourceTree = "<group>";
		};
/* End PBXGroup section */

/* Begin PBXNativeTarget section */
		B56F730525C91E3B00116B84 /* QuizAppLast */ = {
			isa = PBXNativeTarget;
			buildConfigurationList = B56F731A25C91E3C00116B84 /* Build configuration list for PBXNativeTarget "QuizAppLast" */;
			buildPhases = (
				B56F730225C91E3B00116B84 /* Sources */,
				B56F730325C91E3B00116B84 /* Frameworks */,
				B56F730425C91E3B00116B84 /* Resources */,
			);
			buildRules = (
			);
			dependencies = (
			);
			name = QuizAppLast;
			productName = QuizAppLast;
			productReference = B56F730625C91E3B00116B84 /* QuizAppLast.app */;
			productType = "com.apple.product-type.application";
		};
/* End PBXNativeTarget section */

/* Begin PBXProject section */
		B56F72FE25C91E3B00116B84 /* Project object */ = {
			isa = PBXProject;
			attributes = {
				LastSwiftUpdateCheck = 1240;
				LastUpgradeCheck = 1240;
				TargetAttributes = {
					B56F730525C91E3B00116B84 = {
						CreatedOnToolsVersion = 12.4;
					};
				};
			};
			buildConfigurationList = B56F730125C91E3B00116B84 /* Build configuration list for PBXProject "QuizAppLast" */;
			compatibilityVersion = "Xcode 9.3";
			developmentRegion = en;
			hasScannedForEncodings = 0;
			knownRegions = (
				en,
				Base,
			);
			mainGroup = B56F72FD25C91E3B00116B84;
			productRefGroup = B56F730725C91E3B00116B84 /* Products */;
			projectDirPath = "";
			projectRoot = "";
			targets = (
				B56F730525C91E3B00116B84 /* QuizAppLast */,
			);
		};
/* End PBXProject section */

/* Begin PBXResourcesBuildPhase section */
		B56F730425C91E3B00116B84 /* Resources */ = {
			isa = PBXResourcesBuildPhase;
			buildActionMask = 2147483647;
			files = (
				B56F731625C91E3C00116B84 /* LaunchScreen.storyboard in Resources */,
				B56F731325C91E3C00116B84 /* Assets.xcassets in Resources */,
				B56F731125C91E3B00116B84 /* Main.storyboard in Resources */,
			);
			runOnlyForDeploymentPostprocessing = 0;
		};
/* End PBXResourcesBuildPhase section */

/* Begin PBXSourcesBuildPhase section */
		B56F730225C91E3B00116B84 /* Sources */ = {
			isa = PBXSourcesBuildPhase;
			buildActionMask = 2147483647;
			files = (
				B56F730E25C91E3B00116B84 /* ViewController.swift in Sources */,
				B56F730A25C91E3B00116B84 /* AppDelegate.swift in Sources */,
				B56F730C25C91E3B00116B84 /* SceneDelegate.swift in Sources */,
				B56F732225C92E4200116B84 /* HistoryViewController.swift in Sources */,
				B56F731F25C9271400116B84 /* DetailViewController.swift in Sources */,
			);
			runOnlyForDeploymentPostprocessing = 0;
		};
/* End PBXSourcesBuildPhase section */

/* Begin PBXVariantGroup section */
		B56F730F25C91E3B00116B84 /* Main.storyboard */ = {
			isa = PBXVariantGroup;
			children = (
				B56F731025C91E3B00116B84 /* Base */,
			);
			name = Main.storyboard;
			sourceTree = "<group>";
		};
		B56F731425C91E3C00116B84 /* LaunchScreen.storyboard */ = {
			isa = PBXVariantGroup;
			children = (
				B56F731525C91E3C00116B84 /* Base */,
			);
			name = LaunchScreen.storyboard;
			sourceTree = "<group>";
		};
/* End PBXVariantGroup section */

/* Begin XCBuildConfiguration section */
		B56F731825C91E3C00116B84 /* Debug */ = {
			isa = XCBuildConfiguration;
			buildSettings = {
				ALWAYS_SEARCH_USER_PATHS = NO;
				CLANG_ANALYZER_NONNULL = YES;
				CLANG_ANALYZER_NUMBER_OBJECT_CONVERSION = YES_AGGRESSIVE;
				CLANG_CXX_LANGUAGE_STANDARD = "gnu++14";
				CLANG_CXX_LIBRARY = "libc++";
				CLANG_ENABLE_MODULES = YES;
				CLANG_ENABLE_OBJC_ARC = YES;
				CLANG_ENABLE_OBJC_WEAK = YES;
				CLANG_WARN_BLOCK_CAPTURE_AUTORELEASING = YES;
				CLANG_WARN_BOOL_CONVERSION = YES;
				CLANG_WARN_COMMA = YES;
				CLANG_WARN_CONSTANT_CONVERSION = YES;
				CLANG_WARN_DEPRECATED_OBJC_IMPLEMENTATIONS = YES;
				CLANG_WARN_DIRECT_OBJC_ISA_USAGE = YES_ERROR;
				CLANG_WARN_DOCUMENTATION_COMMENTS = YES;
				CLANG_WARN_EMPTY_BODY = YES;
				CLANG_WARN_ENUM_CONVERSION = YES;
				CLANG_WARN_INFINITE_RECURSION = YES;
				CLANG_WARN_INT_CONVERSION = YES;
				CLANG_WARN_NON_LITERAL_NULL_CONVERSION = YES;
				CLANG_WARN_OBJC_IMPLICIT_RETAIN_SELF = YES;
				CLANG_WARN_OBJC_LITERAL_CONVERSION = YES;
				CLANG_WARN_OBJC_ROOT_CLASS = YES_ERROR;
				CLANG_WARN_QUOTED_INCLUDE_IN_FRAMEWORK_HEADER = YES;
				CLANG_WARN_RANGE_LOOP_ANALYSIS = YES;
				CLANG_WARN_STRICT_PROTOTYPES = YES;
				CLANG_WARN_SUSPICIOUS_MOVE = YES;
				CLANG_WARN_UNGUARDED_AVAILABILITY = YES_AGGRESSIVE;
				CLANG_WARN_UNREACHABLE_CODE = YES;
				CLANG_WARN__DUPLICATE_METHOD_MATCH = YES;
				COPY_PHASE_STRIP = NO;
				DEBUG_INFORMATION_FORMAT = dwarf;
				ENABLE_STRICT_OBJC_MSGSEND = YES;
				ENABLE_TESTABILITY = YES;
				GCC_C_LANGUAGE_STANDARD = gnu11;
				GCC_DYNAMIC_NO_PIC = NO;
				GCC_NO_COMMON_BLOCKS = YES;
				GCC_OPTIMIZATION_LEVEL = 0;
				GCC_PREPROCESSOR_DEFINITIONS = (
					"DEBUG=1",
					"$(inherited)",
				);
				GCC_WARN_64_TO_32_BIT_CONVERSION = YES;
				GCC_WARN_ABOUT_RETURN_TYPE = YES_ERROR;
				GCC_WARN_UNDECLARED_SELECTOR = YES;
				GCC_WARN_UNINITIALIZED_AUTOS = YES_AGGRESSIVE;
				GCC_WARN_UNUSED_FUNCTION = YES;
				GCC_WARN_UNUSED_VARIABLE = YES;
				IPHONEOS_DEPLOYMENT_TARGET = 14.4;
				MTL_ENABLE_DEBUG_INFO = INCLUDE_SOURCE;
				MTL_FAST_MATH = YES;
				ONLY_ACTIVE_ARCH = YES;
				SDKROOT = iphoneos;
				SWIFT_ACTIVE_COMPILATION_CONDITIONS = DEBUG;
				SWIFT_OPTIMIZATION_LEVEL = "-Onone";
			};
			name = Debug;
		};
		B56F731925C91E3C00116B84 /* Release */ = {
			isa = XCBuildConfiguration;
			buildSettings = {
				ALWAYS_SEARCH_USER_PATHS = NO;
				CLANG_ANALYZER_NONNULL = YES;
				CLANG_ANALYZER_NUMBER_OBJECT_CONVERSION = YES_AGGRESSIVE;
				CLANG_CXX_LANGUAGE_STANDARD = "gnu++14";
				CLANG_CXX_LIBRARY = "libc++";
				CLANG_ENABLE_MODULES = YES;
				CLANG_ENABLE_OBJC_ARC = YES;
				CLANG_ENABLE_OBJC_WEAK = YES;
				CLANG_WARN_BLOCK_CAPTURE_AUTORELEASING = YES;
				CLANG_WARN_BOOL_CONVERSION = YES;
				CLANG_WARN_COMMA = YES;
				CLANG_WARN_CONSTANT_CONVERSION = YES;
				CLANG_WARN_DEPRECATED_OBJC_IMPLEMENTATIONS = YES;
				CLANG_WARN_DIRECT_OBJC_ISA_USAGE = YES_ERROR;
				CLANG_WARN_DOCUMENTATION_COMMENTS = YES;
				CLANG_WARN_EMPTY_BODY = YES;
				CLANG_WARN_ENUM_CONVERSION = YES;
				CLANG_WARN_INFINITE_RECURSION = YES;
				CLANG_WARN_INT_CONVERSION = YES;
				CLANG_WARN_NON_LITERAL_NULL_CONVERSION = YES;
				CLANG_WARN_OBJC_IMPLICIT_RETAIN_SELF = YES;
				CLANG_WARN_OBJC_LITERAL_CONVERSION = YES;
				CLANG_WARN_OBJC_ROOT_CLASS = YES_ERROR;
				CLANG_WARN_QUOTED_INCLUDE_IN_FRAMEWORK_HEADER = YES;
				CLANG_WARN_RANGE_LOOP_ANALYSIS = YES;
				CLANG_WARN_STRICT_PROTOTYPES = YES;
				CLANG_WARN_SUSPICIOUS_MOVE = YES;
				CLANG_WARN_UNGUARDED_AVAILABILITY = YES_AGGRESSIVE;
				CLANG_WARN_UNREACHABLE_CODE = YES;
				CLANG_WARN__DUPLICATE_METHOD_MATCH = YES;
				COPY_PHASE_STRIP = NO;
				DEBUG_INFORMATION_FORMAT = "dwarf-with-dsym";
				ENABLE_NS_ASSERTIONS = NO;
				ENABLE_STRICT_OBJC_MSGSEND = YES;
				GCC_C_LANGUAGE_STANDARD = gnu11;
				GCC_NO_COMMON_BLOCKS = YES;
				GCC_WARN_64_TO_32_BIT_CONVERSION = YES;
				GCC_WARN_ABOUT_RETURN_TYPE = YES_ERROR;
				GCC_WARN_UNDECLARED_SELECTOR = YES;
				GCC_WARN_UNINITIALIZED_AUTOS = YES_AGGRESSIVE;
				GCC_WARN_UNUSED_FUNCTION = YES;
				GCC_WARN_UNUSED_VARIABLE = YES;
				IPHONEOS_DEPLOYMENT_TARGET = 14.4;
				MTL_ENABLE_DEBUG_INFO = NO;
				MTL_FAST_MATH = YES;
				SDKROOT = iphoneos;
				SWIFT_COMPILATION_MODE = wholemodule;
				SWIFT_OPTIMIZATION_LEVEL = "-O";
				VALIDATE_PRODUCT = YES;
			};
			name = Release;
		};
		B56F731B25C91E3C00116B84 /* Debug */ = {
			isa = XCBuildConfiguration;
			buildSettings = {
				ASSETCATALOG_COMPILER_APPICON_NAME = AppIcon;
				ASSETCATALOG_COMPILER_GLOBAL_ACCENT_COLOR_NAME = AccentColor;
				CODE_SIGN_STYLE = Automatic;
				INFOPLIST_FILE = QuizAppLast/Info.plist;
				LD_RUNPATH_SEARCH_PATHS = (
					"$(inherited)",
					"@executable_path/Frameworks",
				);
				PRODUCT_BUNDLE_IDENTIFIER = local..QuizAppLast;
				PRODUCT_NAME = "$(TARGET_NAME)";
				SWIFT_VERSION = 5.0;
				TARGETED_DEVICE_FAMILY = "1,2";
			};
			name = Debug;
		};
		B56F731C25C91E3C00116B84 /* Release */ = {
			isa = XCBuildConfiguration;
			buildSettings = {
				ASSETCATALOG_COMPILER_APPICON_NAME = AppIcon;
				ASSETCATALOG_COMPILER_GLOBAL_ACCENT_COLOR_NAME = AccentColor;
				CODE_SIGN_STYLE = Automatic;
				INFOPLIST_FILE = QuizAppLast/Info.plist;
				LD_RUNPATH_SEARCH_PATHS = (
					"$(inherited)",
					"@executable_path/Frameworks",
				);
				PRODUCT_BUNDLE_IDENTIFIER = local..QuizAppLast;
				PRODUCT_NAME = "$(TARGET_NAME)";
				SWIFT_VERSION = 5.0;
				TARGETED_DEVICE_FAMILY = "1,2";
			};
			name = Release;
		};
/* End XCBuildConfiguration section */

/* Begin XCConfigurationList section */
		B56F730125C91E3B00116B84 /* Build configuration list for PBXProject "QuizAppLast" */ = {
			isa = XCConfigurationList;
			buildConfigurations = (
				B56F731825C91E3C00116B84 /* Debug */,
				B56F731925C91E3C00116B84 /* Release */,
			);
			defaultConfigurationIsVisible = 0;
			defaultConfigurationName = Release;
		};
		B56F731A25C91E3C00116B84 /* Build configuration list for PBXNativeTarget "QuizAppLast" */ = {
			isa = XCConfigurationList;
			buildConfigurations = (
				B56F731B25C91E3C00116B84 /* Debug */,
				B56F731C25C91E3C00116B84 /* Release */,
			);
			defaultConfigurationIsVisible = 0;
			defaultConfigurationName = Release;
		};
/* End XCConfigurationList section */
	};
	rootObject = B56F72FE25C91E3B00116B84 /* Project object */;
}
